{
    "_readme": [
        "This file locks the dependencies of your project to a known state",
        "Read more about it at https://getcomposer.org/doc/01-basic-usage.md#installing-dependencies",
        "This file is @generated automatically"
    ],
    "content-hash": "603ceed47a652fb60b9987efbc90de5a",
    "packages": [],
    "packages-dev": [],
    "aliases": [],
    "minimum-stability": "stable",
    "stability-flags": [],
    "prefer-stable": false,
    "prefer-lowest": false,
    "platform": {
        "php": "^7.4.0",
        "ext-bcmath": "*",
        "ext-calendar": "*",
        "ext-exif": "*",
        "ext-gettext": "*",
        "ext-gd": "*",
        "ext-intl": "*",
        "ext-mbstring": "*"
    },
    "platform-dev": [],
    "plugin-api-version": "2.3.0"
}
